
Microsoft Visual Studio Solution File, Format Version 11.00
# Visual Studio 2010
# SharpDevelop 5.1
Project("{FAE04EC0-301F-11D3-BF4B-00C04F79EFBC}") = "Controle_de_Tarefas", "Controle_de_Tarefas\Controle_de_Tarefas.csproj", "{229FBBFE-19D0-421E-B92C-F7CB715342AA}"
EndProject
Global
	GlobalSection(SolutionConfigurationPlatforms) = preSolution
		Debug|Any CPU = Debug|Any CPU
		Release|Any CPU = Release|Any CPU
	EndGlobalSection
	GlobalSection(ProjectConfigurationPlatforms) = postSolution
		{229FBBFE-19D0-421E-B92C-F7CB715342AA}.Debug|Any CPU.ActiveCfg = Debug|Any CPU
		{229FBBFE-19D0-421E-B92C-F7CB715342AA}.Debug|Any CPU.Build.0 = Debug|Any CPU
		{229FBBFE-19D0-421E-B92C-F7CB715342AA}.Release|Any CPU.ActiveCfg = Release|Any CPU
		{229FBBFE-19D0-421E-B92C-F7CB715342AA}.Release|Any CPU.Build.0 = Release|Any CPU
	EndGlobalSection
EndGlobal
